
Microsoft Visual Studio Solution File, Format Version 12.00
# Visual Studio Version 16
VisualStudioVersion = 16.0.29905.134
MinimumVisualStudioVersion = 10.0.40219.1
Project("{FAE04EC0-301F-11D3-BF4B-00C04F79EFBC}") = "GSMS", "GSMS\GSMS.csproj", "{28E56737-6AE8-4729-8E0C-2FD186BE7E14}"
EndProject
Project("{FAE04EC0-301F-11D3-BF4B-00C04F79EFBC}") = "Gas Station and Citizen Testing", "Gas Station and Citizen Testing\Gas Station and Citizen Testing.csproj", "{119E2B1F-0697-4797-B7B9-F1BD745ECF80}"
EndProject
Global
	GlobalSection(SolutionConfigurationPlatforms) = preSolution
		Debug|Any CPU = Debug|Any CPU
		Release|Any CPU = Release|Any CPU
	EndGlobalSection
	GlobalSection(ProjectConfigurationPlatforms) = postSolution
		{28E56737-6AE8-4729-8E0C-2FD186BE7E14}.Debug|Any CPU.ActiveCfg = Debug|Any CPU
		{28E56737-6AE8-4729-8E0C-2FD186BE7E14}.Debug|Any CPU.Build.0 = Debug|Any CPU
		{28E56737-6AE8-4729-8E0C-2FD186BE7E14}.Release|Any CPU.ActiveCfg = Release|Any CPU
		{28E56737-6AE8-4729-8E0C-2FD186BE7E14}.Release|Any CPU.Build.0 = Release|Any CPU
		{119E2B1F-0697-4797-B7B9-F1BD745ECF80}.Debug|Any CPU.ActiveCfg = Debug|Any CPU
		{119E2B1F-0697-4797-B7B9-F1BD745ECF80}.Debug|Any CPU.Build.0 = Debug|Any CPU
		{119E2B1F-0697-4797-B7B9-F1BD745ECF80}.Release|Any CPU.ActiveCfg = Release|Any CPU
		{119E2B1F-0697-4797-B7B9-F1BD745ECF80}.Release|Any CPU.Build.0 = Release|Any CPU
	EndGlobalSection
	GlobalSection(SolutionProperties) = preSolution
		HideSolutionNode = FALSE
	EndGlobalSection
	GlobalSection(ExtensibilityGlobals) = postSolution
		SolutionGuid = {E55A5CB3-937C-4045-9525-0E16C6D88C32}
	EndGlobalSection
EndGlobal
